
Microsoft Visual Studio Solution File, Format Version 12.00
# Visual Studio Version 16
VisualStudioVersion = 16.0.31410.357
MinimumVisualStudioVersion = 10.0.40219.1
Project("{FAE04EC0-301F-11D3-BF4B-00C04F79EFBC}") = "MultidimensionalArrays", "MultidimensionalArrays\MultidimensionalArrays.csproj", "{5D91F21A-BAB6-4A93-A65E-026CA5F73D32}"
EndProject
Project("{FAE04EC0-301F-11D3-BF4B-00C04F79EFBC}") = "T02.SumMatrixColumns", "T02.SumMatrixColumns\T02.SumMatrixColumns.csproj", "{5FF16DEF-7AF0-4300-8453-FB054CB2F0A5}"
EndProject
Project("{FAE04EC0-301F-11D3-BF4B-00C04F79EFBC}") = "T03.PrimaryDiagonal", "T03.PrimaryDiagonal\T03.PrimaryDiagonal.csproj", "{139281E9-E8F7-4648-A7EE-F5A683C377CD}"
EndProject
Project("{FAE04EC0-301F-11D3-BF4B-00C04F79EFBC}") = "T04.SymbolInMatrix", "T04.SymbolInMatrix\T04.SymbolInMatrix.csproj", "{16795064-FF58-4B78-BF57-A17D80005099}"
EndProject
Global
	GlobalSection(SolutionConfigurationPlatforms) = preSolution
		Debug|Any CPU = Debug|Any CPU
		Release|Any CPU = Release|Any CPU
	EndGlobalSection
	GlobalSection(ProjectConfigurationPlatforms) = postSolution
		{5D91F21A-BAB6-4A93-A65E-026CA5F73D32}.Debug|Any CPU.ActiveCfg = Debug|Any CPU
		{5D91F21A-BAB6-4A93-A65E-026CA5F73D32}.Debug|Any CPU.Build.0 = Debug|Any CPU
		{5D91F21A-BAB6-4A93-A65E-026CA5F73D32}.Release|Any CPU.ActiveCfg = Release|Any CPU
		{5D91F21A-BAB6-4A93-A65E-026CA5F73D32}.Release|Any CPU.Build.0 = Release|Any CPU
		{5FF16DEF-7AF0-4300-8453-FB054CB2F0A5}.Debug|Any CPU.ActiveCfg = Debug|Any CPU
		{5FF16DEF-7AF0-4300-8453-FB054CB2F0A5}.Debug|Any CPU.Build.0 = Debug|Any CPU
		{5FF16DEF-7AF0-4300-8453-FB054CB2F0A5}.Release|Any CPU.ActiveCfg = Release|Any CPU
		{5FF16DEF-7AF0-4300-8453-FB054CB2F0A5}.Release|Any CPU.Build.0 = Release|Any CPU
		{139281E9-E8F7-4648-A7EE-F5A683C377CD}.Debug|Any CPU.ActiveCfg = Debug|Any CPU
		{139281E9-E8F7-4648-A7EE-F5A683C377CD}.Debug|Any CPU.Build.0 = Debug|Any CPU
		{139281E9-E8F7-4648-A7EE-F5A683C377CD}.Release|Any CPU.ActiveCfg = Release|Any CPU
		{139281E9-E8F7-4648-A7EE-F5A683C377CD}.Release|Any CPU.Build.0 = Release|Any CPU
		{16795064-FF58-4B78-BF57-A17D80005099}.Debug|Any CPU.ActiveCfg = Debug|Any CPU
		{16795064-FF58-4B78-BF57-A17D80005099}.Debug|Any CPU.Build.0 = Debug|Any CPU
		{16795064-FF58-4B78-BF57-A17D80005099}.Release|Any CPU.ActiveCfg = Release|Any CPU
		{16795064-FF58-4B78-BF57-A17D80005099}.Release|Any CPU.Build.0 = Release|Any CPU
	EndGlobalSection
	GlobalSection(SolutionProperties) = preSolution
		HideSolutionNode = FALSE
	EndGlobalSection
	GlobalSection(ExtensibilityGlobals) = postSolution
		SolutionGuid = {AF769315-9FB8-4427-8A2C-14C3D80CD970}
	EndGlobalSection
EndGlobal
